# THIS IS AN AUTOGENERATED FILE. DO NOT EDIT THIS FILE DIRECTLY.
# yarn lockfile v1


"@floating-ui/core@^1.7.2":
  version "1.7.2"
  resolved "https://registry.yarnpkg.com/@floating-ui/core/-/core-1.7.2.tgz#3d1c35263950b314b6d5a72c8bfb9e3c1551aefd"
  integrity sha512-wNB5ooIKHQc+Kui96jE/n69rHFWAVoxn5CAzL1Xdd8FG03cgY3MLO+GF9U3W737fYDSgPWA6MReKhBQBop6Pcw==
  dependencies:
    "@floating-ui/utils" "^0.2.10"

"@floating-ui/dom@^1.7.2":
  version "1.7.2"
  resolved "https://registry.yarnpkg.com/@floating-ui/dom/-/dom-1.7.2.tgz#3540b051cf5ce0d4f4db5fb2507a76e8ea5b4a45"
  integrity sha512-7cfaOQuCS27HD7DX+6ib2OrnW+b4ZBwDNnCcT0uTyidcmyWb03FnQqJybDBoCnpdxwBSfA94UAYlRCt7mV+TbA==
  dependencies:
    "@floating-ui/core" "^1.7.2"
    "@floating-ui/utils" "^0.2.10"

"@floating-ui/utils@^0.2.10":
  version "0.2.10"
  resolved "https://registry.yarnpkg.com/@floating-ui/utils/-/utils-0.2.10.tgz#a2a1e3812d14525f725d011a73eceb41fef5bc1c"
  integrity sha512-aGTxbpbg8/b5JfU1HXSrbH3wXZuLPJcNEcZQFMxLs3oSzgtVu6nFPkbbGGUvBcUjKV2YyB9Wxxabo+HEH9tcRQ==

"@hotwired/stimulus@^3.2.2":
  version "3.2.2"
  resolved "https://registry.yarnpkg.com/@hotwired/stimulus/-/stimulus-3.2.2.tgz#071aab59c600fed95b97939e605ff261a4251608"
  integrity sha512-eGeIqNOQpXoPAIP7tC1+1Yc1yl1xnwYqg+3mzqxyrbE5pg5YFBZcA6YoTiByJB6DKAEsiWtl6tjTJS4IYtbB7A==

"@hotwired/turbo-rails@^8.0.16":
  version "8.0.16"
  resolved "https://registry.yarnpkg.com/@hotwired/turbo-rails/-/turbo-rails-8.0.16.tgz#096f3bec8c3c04d4aac4dd0f75305c67b3db3501"
  integrity sha512-Yxiy2x+N3eOIEDokvLzSrd08aI5RDKnFYDQFl2J/LuMEWTtPdY7oNP0F/gv/sSe5AV23Lwz4FitG/uNFXNM5tA==
  dependencies:
    "@hotwired/turbo" "^8.0.13"
    "@rails/actioncable" ">=7.0"

"@hotwired/turbo@^8.0.13":
  version "8.0.13"
  resolved "https://registry.yarnpkg.com/@hotwired/turbo/-/turbo-8.0.13.tgz#ab35fda9d358432c8a872a833844b38cccb8c25b"
  integrity sha512-M7qXUqcGab6G5PKOiwhgbByTtrPgKPFCTMNQ52QhzUEXEqmp0/ApEguUesh/FPiUjrmFec+3lq98KsWnYY2C7g==

"@rails/actioncable@>=7.0":
  version "8.0.200"
  resolved "https://registry.yarnpkg.com/@rails/actioncable/-/actioncable-8.0.200.tgz#1d27d9d55e45266e061190db045925e0b4d53d6b"
  integrity sha512-EDqWyxck22BHmv1e+mD8Kl6GmtNkhEPdRfGFT7kvsv1yoXd9iYrqHDVAaR8bKmU/syC5eEZ2I5aWWxtB73ukMw==

"@types/inputmask@^5.0.7":
  version "5.0.7"
  resolved "https://registry.yarnpkg.com/@types/inputmask/-/inputmask-5.0.7.tgz#ae1afdbb0a7b825b90703e0b08b4ef5be7d2c34e"
  integrity sha512-uojbVPWzBQ/n/0jc/d16fLqmGasFIptbrLD2WrCPWArlk+5PgblOqH4EDkI3AoobXLAlOK5yF01V8jMmvMG5qg==

"@types/trusted-types@^2.0.7":
  version "2.0.7"
  resolved "https://registry.yarnpkg.com/@types/trusted-types/-/trusted-types-2.0.7.tgz#baccb07a970b91707df3a3e8ba6896c57ead2d11"
  integrity sha512-ScaPdn1dQczgbl0QFTeTOmVHFULt394XJgOQNoyVhZ6r2vLnMLJfBPd53SB52T/3G36VI1/g2MZaX0cwDuXsfw==

dayjs@^1.11.13:
  version "1.11.13"
  resolved "https://registry.yarnpkg.com/dayjs/-/dayjs-1.11.13.tgz#92430b0139055c3ebb60150aa13e860a4b5a366c"
  integrity sha512-oaMBel6gjolK862uaPQOVTA7q3TZhuSvuMQAAglQDOWYO9A91IrAOUJEyKVlqJlHE0vq5p5UXxzdPfMH/x6xNg==

dompurify@^3.2.6:
  version "3.2.6"
  resolved "https://registry.yarnpkg.com/dompurify/-/dompurify-3.2.6.tgz#ca040a6ad2b88e2a92dc45f38c79f84a714a1cad"
  integrity sha512-/2GogDQlohXPZe6D6NOgQvXLPSYBqIWMnZ8zzOhn09REE4eyAzb+Hed3jhoM9OkuaJ8P6ZGTTVWQKAi8ieIzfQ==
  optionalDependencies:
    "@types/trusted-types" "^2.0.7"

fuse.js@^7.1.0:
  version "7.1.0"
  resolved "https://registry.yarnpkg.com/fuse.js/-/fuse.js-7.1.0.tgz#306228b4befeee11e05b027087c2744158527d09"
  integrity sha512-trLf4SzuuUxfusZADLINj+dE8clK1frKdmqiJNb1Es75fmI5oY6X2mxLVUciLLjxqw/xr72Dhy+lER6dGd02FQ==

hotkeys-js@^3.13.14:
  version "3.13.14"
  resolved "https://registry.yarnpkg.com/hotkeys-js/-/hotkeys-js-3.13.14.tgz#735e9cb533915ac6db2176c160f02226ed641e5a"
  integrity sha512-jmWwEP3twlpPV2/WpzuQzJTg/0MRjWlvKJScEREueIuzoMJ6gmqNrv6sm1WIpW+3g0TzDmQpj2pX8HvYPx90hw==

inputmask@^5.0.9:
  version "5.0.9"
  resolved "https://registry.yarnpkg.com/inputmask/-/inputmask-5.0.9.tgz#7bf4e83f5e199c88c0edf28545dc23fa208ef4be"
  integrity sha512-s0lUfqcEbel+EQXtehXqwCJGShutgieOaIImFKC/r4reYNvX3foyrChl6LOEvaEgxEbesePIrw1Zi2jhZaDZbQ==

nouislider@^15.8.1:
  version "15.8.1"
  resolved "https://registry.yarnpkg.com/nouislider/-/nouislider-15.8.1.tgz#18729ed29738d2d328a1b5e0429d38eb8be8a696"
  integrity sha512-93TweAi8kqntHJSPiSWQ1o/uZ29VWOmal9YKb6KKGGlCkugaNfAupT7o1qTHqdJvNQ7S0su5rO6qRFCjP8fxtw==

prettier@^3.6.2:
  version "3.6.2"
  resolved "https://registry.yarnpkg.com/prettier/-/prettier-3.6.2.tgz#ccda02a1003ebbb2bfda6f83a074978f608b9393"
  integrity sha512-I7AIg5boAr5R0FFtJ6rCfD+LFsWHp81dolrFD8S79U9tb8Az2nGrJncnMSnys+bpQJfRUzqs9hnA81OAA3hCuQ==

stimulus-use@^0.52.3:
  version "0.52.3"
  resolved "https://registry.yarnpkg.com/stimulus-use/-/stimulus-use-0.52.3.tgz#d6f35fa93277274957a2ed98a7b04b4d702cb1d6"
  integrity sha512-stZ5dID6FUrGCR/ChWUa0FT5Z8iqkzT6lputOAb50eF+Ayg7RzJj4U/HoRlp2NV333QfvoRidru9HLbom4hZVw==

typescript@^5.8.3:
  version "5.8.3"
  resolved "https://registry.yarnpkg.com/typescript/-/typescript-5.8.3.tgz#92f8a3e5e3cf497356f4178c34cd65a7f5e8440e"
  integrity sha512-p1diW6TqL9L07nNxvRMM7hMMw4c5XOo/1ibL4aAIGmSAt9slTE1Xgw5KWuof2uTOvCg9BY7ZRi+GaF+7sfgPeQ==

vanilla-calendar-pro@^3.0.4:
  version "3.0.4"
  resolved "https://registry.yarnpkg.com/vanilla-calendar-pro/-/vanilla-calendar-pro-3.0.4.tgz#248b2c4d4409c89e4b3188f435298a6e7bb5d2a4"
  integrity sha512-i13aJsfovlfRGm7zkoxYh9WylkdLVJkjmfZjJms5cb5i/lbnPTBaDQ0J51joC3Q4h66sFpEUjA4bXLAr/OPZ2w==
